{
  "name": "frontend",
  "lockfileVersion": 3,
  "requires": true,
  "packages": {
    "": {
      "dependencies": {
        "@types/leaflet": "^1.9.20",
        "chart.js": "^4.5.0",
        "leaflet": "^1.9.4",
        "react-chartjs-2": "^5.3.0",
        "react-leaflet": "^5.0.0"
      }
    },
    "node_modules/@kurkle/color": {
      "version": "0.3.4",
      "resolved": "https://registry.npmjs.org/@kurkle/color/-/color-0.3.4.tgz",
      "integrity": "sha512-M5UknZPHRu3DEDWoipU6sE8PdkZ6Z/S+v4dD+Ke8IaNlpdSQah50lz1KtcFBa2vsdOnwbbnxJwVM4wty6udA5w==",
      "license": "MIT"
    },
    "node_modules/@react-leaflet/core": {
      "version": "3.0.0",
      "resolved": "https://registry.npmjs.org/@react-leaflet/core/-/core-3.0.0.tgz",
      "integrity": "sha512-3EWmekh4Nz+pGcr+xjf0KNyYfC3U2JjnkWsh0zcqaexYqmmB5ZhH37kz41JXGmKzpaMZCnPofBBm64i+YrEvGQ==",
      "license": "Hippocratic-2.1",
      "peerDependencies": {
        "leaflet": "^1.9.0",
        "react": "^19.0.0",
        "react-dom": "^19.0.0"
      }
    },
    "node_modules/@types/geojson": {
      "version": "7946.0.16",
      "resolved": "https://registry.npmjs.org/@types/geojson/-/geojson-7946.0.16.tgz",
      "integrity": "sha512-6C8nqWur3j98U6+lXDfTUWIfgvZU+EumvpHKcYjujKH7woYyLj2sUmff0tRhrqM7BohUw7Pz3ZB1jj2gW9Fvmg==",
      "license": "MIT"
    },
    "node_modules/@types/leaflet": {
      "version": "1.9.20",
      "resolved": "https://registry.npmjs.org/@types/leaflet/-/leaflet-1.9.20.tgz",
      "integrity": "sha512-rooalPMlk61LCaLOvBF2VIf9M47HgMQqi5xQ9QRi7c8PkdIe0WrIi5IxXUXQjAdL0c+vcQ01mYWbthzmp9GHWw==",
      "license": "MIT",
      "dependencies": {
        "@types/geojson": "*"
      }
    },
    "node_modules/chart.js": {
      "version": "4.5.0",
      "resolved": "https://registry.npmjs.org/chart.js/-/chart.js-4.5.0.tgz",
      "integrity": "sha512-aYeC/jDgSEx8SHWZvANYMioYMZ2KX02W6f6uVfyteuCGcadDLcYVHdfdygsTQkQ4TKn5lghoojAsPj5pu0SnvQ==",
      "license": "MIT",
      "dependencies": {
        "@kurkle/color": "^0.3.0"
      },
      "engines": {
        "pnpm": ">=8"
      }
    },
    "node_modules/leaflet": {
      "version": "1.9.4",
      "resolved": "https://registry.npmjs.org/leaflet/-/leaflet-1.9.4.tgz",
      "integrity": "sha512-nxS1ynzJOmOlHp+iL3FyWqK89GtNL8U8rvlMOsQdTTssxZwCXh8N2NB3GDQOL+YR3XnWyZAxwQixURb+FA74PA==",
      "license": "BSD-2-Clause"
    },
    "node_modules/react": {
      "version": "19.1.0",
      "resolved": "https://registry.npmjs.org/react/-/react-19.1.0.tgz",
      "integrity": "sha512-FS+XFBNvn3GTAWq26joslQgWNoFu08F4kl0J4CgdNKADkdSGXQyTCnKteIAJy96Br6YbpEU1LSzV5dYtjMkMDg==",
      "license": "MIT",
      "peer": true,
      "engines": {
        "node": ">=0.10.0"
      }
    },
    "node_modules/react-chartjs-2": {
      "version": "5.3.0",
      "resolved": "https://registry.npmjs.org/react-chartjs-2/-/react-chartjs-2-5.3.0.tgz",
      "integrity": "sha512-UfZZFnDsERI3c3CZGxzvNJd02SHjaSJ8kgW1djn65H1KK8rehwTjyrRKOG3VTMG8wtHZ5rgAO5oTHtHi9GCCmw==",
      "license": "MIT",
      "peerDependencies": {
        "chart.js": "^4.1.1",
        "react": "^16.8.0 || ^17.0.0 || ^18.0.0 || ^19.0.0"
      }
    },
    "node_modules/react-dom": {
      "version": "19.1.0",
      "resolved": "https://registry.npmjs.org/react-dom/-/react-dom-19.1.0.tgz",
      "integrity": "sha512-Xs1hdnE+DyKgeHJeJznQmYMIBG3TKIHJJT95Q58nHLSrElKlGQqDTR2HQ9fx5CN/Gk6Vh/kupBTDLU11/nDk/g==",
      "license": "MIT",
      "peer": true,
      "dependencies": {
        "scheduler": "^0.26.0"
      },
      "peerDependencies": {
        "react": "^19.1.0"
      }
    },
    "node_modules/react-leaflet": {
      "version": "5.0.0",
      "resolved": "https://registry.npmjs.org/react-leaflet/-/react-leaflet-5.0.0.tgz",
      "integrity": "sha512-CWbTpr5vcHw5bt9i4zSlPEVQdTVcML390TjeDG0cK59z1ylexpqC6M1PJFjV8jD7CF+ACBFsLIDs6DRMoLEofw==",
      "license": "Hippocratic-2.1",
      "dependencies": {
        "@react-leaflet/core": "^3.0.0"
      },
      "peerDependencies": {
        "leaflet": "^1.9.0",
        "react": "^19.0.0",
        "react-dom": "^19.0.0"
      }
    },
    "node_modules/scheduler": {
      "version": "0.26.0",
      "resolved": "https://registry.npmjs.org/scheduler/-/scheduler-0.26.0.tgz",
      "integrity": "sha512-NlHwttCI/l5gCPR3D1nNXtWABUmBwvZpEQiD4IXSbIDq8BzLIK/7Ir5gTFSGZDUu37K5cMNp0hFtzO38sC7gWA==",
      "license": "MIT",
      "peer": true
    }
  }
}
